
Microsoft Visual Studio Solution File, Format Version 12.00
# Visual Studio Version 17
VisualStudioVersion = 17.8.34309.116
MinimumVisualStudioVersion = 10.0.40219.1
Project("{2150E333-8FDC-42A3-9474-1A3956D46DE8}") = "Services", "Services", "{295188AA-5B0C-4FD3-ADC0-A8D80A32BFF4}"
EndProject
Project("{2150E333-8FDC-42A3-9474-1A3956D46DE8}") = "Shared", "Shared", "{0096E826-FD1B-4554-8EB1-E872583A960D}"
EndProject
Project("{2150E333-8FDC-42A3-9474-1A3956D46DE8}") = "Gateways", "Gateways", "{DFAA8DDD-FA76-402C-B1B4-E4B3B3487A89}"
EndProject
Project("{2150E333-8FDC-42A3-9474-1A3956D46DE8}") = "Frontends", "Frontends", "{118254AD-1201-4402-86FA-FBE4E7E6AA4F}"
EndProject
Project("{2150E333-8FDC-42A3-9474-1A3956D46DE8}") = "IdentitiyServer", "IdentitiyServer", "{3C071ADC-9DF9-40AE-AF6B-1D44B1682301}"
EndProject
Project("{2150E333-8FDC-42A3-9474-1A3956D46DE8}") = "ToDoList", "ToDoList", "{7EC9CE3F-0AA3-4A99-B10C-9A1DB8AECEE5}"
EndProject
Project("{2150E333-8FDC-42A3-9474-1A3956D46DE8}") = "Basket", "Basket", "{D89D2E95-A937-494E-A598-35AC96D92009}"
EndProject
Project("{2150E333-8FDC-42A3-9474-1A3956D46DE8}") = "Catalog", "Catalog", "{51456BB0-0827-4A83-A655-49BE12D21CE3}"
EndProject
Project("{2150E333-8FDC-42A3-9474-1A3956D46DE8}") = "Order", "Order", "{96CE5592-2405-47D5-A3FC-1CFE03B77E9D}"
EndProject
Project("{2150E333-8FDC-42A3-9474-1A3956D46DE8}") = "Cargo", "Cargo", "{85EAA764-DA56-4376-B8FE-E429F02BDACD}"
EndProject
Project("{2150E333-8FDC-42A3-9474-1A3956D46DE8}") = "Photostock", "Photostock", "{B8586317-B622-4E58-A21F-42D58B9E7FDB}"
EndProject
Project("{2150E333-8FDC-42A3-9474-1A3956D46DE8}") = "Payment", "Payment", "{0443D956-B80D-498C-8C8F-3119B4E54E1E}"
EndProject
Project("{2150E333-8FDC-42A3-9474-1A3956D46DE8}") = "Discount", "Discount", "{E3B28DFD-BAF4-4DF7-9E83-0850973EC702}"
EndProject
Project("{2150E333-8FDC-42A3-9474-1A3956D46DE8}") = "Comment", "Comment", "{FA86E3D2-D8BD-4FCA-8A12-EFB0FADDF618}"
EndProject
Project("{9A19103F-16F7-4668-BE54-9A1E7A4F7556}") = "MyAkademiECommerce.Services.Catalog", "Services\Catalog1\MyAkademiECommerce.Services.Catalog\MyAkademiECommerce.Services.Catalog.csproj", "{4D5912E6-830F-46BC-B61B-E3AA00BBEC2A}"
EndProject
Project("{9A19103F-16F7-4668-BE54-9A1E7A4F7556}") = "MyAkademiECommerce.Shared", "Shared\MyAkademiECommerce.Shared\MyAkademiECommerce.Shared.csproj", "{84F8781E-D4FD-4AE5-8A05-03432FEA49D0}"
EndProject
Project("{2150E333-8FDC-42A3-9474-1A3956D46DE8}") = "Dtos", "Dtos", "{B12B0F52-F3CD-4622-A377-D2618F75849C}"
EndProject
Project("{2150E333-8FDC-42A3-9474-1A3956D46DE8}") = "Services", "Services", "{C7CD8B56-0EDF-400C-BE11-24228F7FF088}"
EndProject
Project("{9A19103F-16F7-4668-BE54-9A1E7A4F7556}") = "MyAkademiECommerceDiscount", "Services\Discount\MyAkademiECommerceDiscount\MyAkademiECommerceDiscount.csproj", "{99056E2D-C000-4C1A-A85F-DCE20533A02F}"
EndProject
Project("{2150E333-8FDC-42A3-9474-1A3956D46DE8}") = "Core", "Core", "{7E87AB38-9B73-450E-A854-FA38B5EB927A}"
EndProject
Project("{2150E333-8FDC-42A3-9474-1A3956D46DE8}") = "Infrastructure", "Infrastructure", "{C2372E4E-D4E0-4129-BDA5-21426723382D}"
EndProject
Project("{2150E333-8FDC-42A3-9474-1A3956D46DE8}") = "Presentation", "Presentation", "{45E486EC-96FB-4B33-AC94-1B470B1ACBA5}"
EndProject
Project("{9A19103F-16F7-4668-BE54-9A1E7A4F7556}") = "MyAkademiECommerce.Order.Domain", "Services\Order\Core\MyAkademiECommerce.Order.Domain\MyAkademiECommerce.Order.Domain.csproj", "{9A575F9F-433E-4729-AF05-580C077FF1A0}"
EndProject
Project("{9A19103F-16F7-4668-BE54-9A1E7A4F7556}") = "MyAkademiECommerce.Order.Application", "Services\Order\Core\MyAkademiECommerce.Order.Application\MyAkademiECommerce.Order.Application.csproj", "{E1974718-755A-4C4B-8C88-18783F76D382}"
EndProject
Project("{9A19103F-16F7-4668-BE54-9A1E7A4F7556}") = "MyAkademiECommerce.Order.Persistance", "Services\Order\Infrastructure\MyAkademiECommerce.Order.Persistance\MyAkademiECommerce.Order.Persistance.csproj", "{4239506C-ACB4-4720-9C3A-2B8D7A521133}"
EndProject
Project("{9A19103F-16F7-4668-BE54-9A1E7A4F7556}") = "MyAkademiECommerce.Order.WebApi", "Services\Order\Presantation\MyAkademiECommerce.Order.WebApi\MyAkademiECommerce.Order.WebApi.csproj", "{625A2341-7B1F-4F0B-A063-F2090EC084B9}"
EndProject
Project("{9A19103F-16F7-4668-BE54-9A1E7A4F7556}") = "MyAkademiECommerce.IdentityServer", "IdentitiyServer\MyAkademiECommerce.IdentityServer\MyAkademiECommerce.IdentityServer.csproj", "{80D7CD4E-4A73-4D34-B4BF-02A5E41DFE5D}"
EndProject
Project("{FAE04EC0-301F-11D3-BF4B-00C04F79EFBC}") = "MyAkademiECommerce.Basket", "Services\Basket\MyAkademiECommerce.Basket\MyAkademiECommerce.Basket.csproj", "{4A1FE070-FCB4-41CC-A2AF-C6C90B449E78}"
EndProject
Global
	GlobalSection(SolutionConfigurationPlatforms) = preSolution
		Debug|Any CPU = Debug|Any CPU
		Release|Any CPU = Release|Any CPU
	EndGlobalSection
	GlobalSection(ProjectConfigurationPlatforms) = postSolution
		{4D5912E6-830F-46BC-B61B-E3AA00BBEC2A}.Debug|Any CPU.ActiveCfg = Debug|Any CPU
		{4D5912E6-830F-46BC-B61B-E3AA00BBEC2A}.Debug|Any CPU.Build.0 = Debug|Any CPU
		{4D5912E6-830F-46BC-B61B-E3AA00BBEC2A}.Release|Any CPU.ActiveCfg = Release|Any CPU
		{4D5912E6-830F-46BC-B61B-E3AA00BBEC2A}.Release|Any CPU.Build.0 = Release|Any CPU
		{84F8781E-D4FD-4AE5-8A05-03432FEA49D0}.Debug|Any CPU.ActiveCfg = Debug|Any CPU
		{84F8781E-D4FD-4AE5-8A05-03432FEA49D0}.Debug|Any CPU.Build.0 = Debug|Any CPU
		{84F8781E-D4FD-4AE5-8A05-03432FEA49D0}.Release|Any CPU.ActiveCfg = Release|Any CPU
		{84F8781E-D4FD-4AE5-8A05-03432FEA49D0}.Release|Any CPU.Build.0 = Release|Any CPU
		{99056E2D-C000-4C1A-A85F-DCE20533A02F}.Debug|Any CPU.ActiveCfg = Debug|Any CPU
		{99056E2D-C000-4C1A-A85F-DCE20533A02F}.Debug|Any CPU.Build.0 = Debug|Any CPU
		{99056E2D-C000-4C1A-A85F-DCE20533A02F}.Release|Any CPU.ActiveCfg = Release|Any CPU
		{99056E2D-C000-4C1A-A85F-DCE20533A02F}.Release|Any CPU.Build.0 = Release|Any CPU
		{9A575F9F-433E-4729-AF05-580C077FF1A0}.Debug|Any CPU.ActiveCfg = Debug|Any CPU
		{9A575F9F-433E-4729-AF05-580C077FF1A0}.Debug|Any CPU.Build.0 = Debug|Any CPU
		{9A575F9F-433E-4729-AF05-580C077FF1A0}.Release|Any CPU.ActiveCfg = Release|Any CPU
		{9A575F9F-433E-4729-AF05-580C077FF1A0}.Release|Any CPU.Build.0 = Release|Any CPU
		{E1974718-755A-4C4B-8C88-18783F76D382}.Debug|Any CPU.ActiveCfg = Debug|Any CPU
		{E1974718-755A-4C4B-8C88-18783F76D382}.Debug|Any CPU.Build.0 = Debug|Any CPU
		{E1974718-755A-4C4B-8C88-18783F76D382}.Release|Any CPU.ActiveCfg = Release|Any CPU
		{E1974718-755A-4C4B-8C88-18783F76D382}.Release|Any CPU.Build.0 = Release|Any CPU
		{4239506C-ACB4-4720-9C3A-2B8D7A521133}.Debug|Any CPU.ActiveCfg = Debug|Any CPU
		{4239506C-ACB4-4720-9C3A-2B8D7A521133}.Debug|Any CPU.Build.0 = Debug|Any CPU
		{4239506C-ACB4-4720-9C3A-2B8D7A521133}.Release|Any CPU.ActiveCfg = Release|Any CPU
		{4239506C-ACB4-4720-9C3A-2B8D7A521133}.Release|Any CPU.Build.0 = Release|Any CPU
		{625A2341-7B1F-4F0B-A063-F2090EC084B9}.Debug|Any CPU.ActiveCfg = Debug|Any CPU
		{625A2341-7B1F-4F0B-A063-F2090EC084B9}.Debug|Any CPU.Build.0 = Debug|Any CPU
		{625A2341-7B1F-4F0B-A063-F2090EC084B9}.Release|Any CPU.ActiveCfg = Release|Any CPU
		{625A2341-7B1F-4F0B-A063-F2090EC084B9}.Release|Any CPU.Build.0 = Release|Any CPU
		{80D7CD4E-4A73-4D34-B4BF-02A5E41DFE5D}.Debug|Any CPU.ActiveCfg = Debug|Any CPU
		{80D7CD4E-4A73-4D34-B4BF-02A5E41DFE5D}.Debug|Any CPU.Build.0 = Debug|Any CPU
		{80D7CD4E-4A73-4D34-B4BF-02A5E41DFE5D}.Release|Any CPU.ActiveCfg = Release|Any CPU
		{80D7CD4E-4A73-4D34-B4BF-02A5E41DFE5D}.Release|Any CPU.Build.0 = Release|Any CPU
		{4A1FE070-FCB4-41CC-A2AF-C6C90B449E78}.Debug|Any CPU.ActiveCfg = Debug|Any CPU
		{4A1FE070-FCB4-41CC-A2AF-C6C90B449E78}.Debug|Any CPU.Build.0 = Debug|Any CPU
		{4A1FE070-FCB4-41CC-A2AF-C6C90B449E78}.Release|Any CPU.ActiveCfg = Release|Any CPU
		{4A1FE070-FCB4-41CC-A2AF-C6C90B449E78}.Release|Any CPU.Build.0 = Release|Any CPU
	EndGlobalSection
	GlobalSection(SolutionProperties) = preSolution
		HideSolutionNode = FALSE
	EndGlobalSection
	GlobalSection(NestedProjects) = preSolution
		{D89D2E95-A937-494E-A598-35AC96D92009} = {295188AA-5B0C-4FD3-ADC0-A8D80A32BFF4}
		{51456BB0-0827-4A83-A655-49BE12D21CE3} = {295188AA-5B0C-4FD3-ADC0-A8D80A32BFF4}
		{96CE5592-2405-47D5-A3FC-1CFE03B77E9D} = {295188AA-5B0C-4FD3-ADC0-A8D80A32BFF4}
		{85EAA764-DA56-4376-B8FE-E429F02BDACD} = {295188AA-5B0C-4FD3-ADC0-A8D80A32BFF4}
		{B8586317-B622-4E58-A21F-42D58B9E7FDB} = {295188AA-5B0C-4FD3-ADC0-A8D80A32BFF4}
		{0443D956-B80D-498C-8C8F-3119B4E54E1E} = {295188AA-5B0C-4FD3-ADC0-A8D80A32BFF4}
		{E3B28DFD-BAF4-4DF7-9E83-0850973EC702} = {295188AA-5B0C-4FD3-ADC0-A8D80A32BFF4}
		{FA86E3D2-D8BD-4FCA-8A12-EFB0FADDF618} = {295188AA-5B0C-4FD3-ADC0-A8D80A32BFF4}
		{4D5912E6-830F-46BC-B61B-E3AA00BBEC2A} = {51456BB0-0827-4A83-A655-49BE12D21CE3}
		{84F8781E-D4FD-4AE5-8A05-03432FEA49D0} = {0096E826-FD1B-4554-8EB1-E872583A960D}
		{B12B0F52-F3CD-4622-A377-D2618F75849C} = {0096E826-FD1B-4554-8EB1-E872583A960D}
		{C7CD8B56-0EDF-400C-BE11-24228F7FF088} = {0096E826-FD1B-4554-8EB1-E872583A960D}
		{99056E2D-C000-4C1A-A85F-DCE20533A02F} = {E3B28DFD-BAF4-4DF7-9E83-0850973EC702}
		{7E87AB38-9B73-450E-A854-FA38B5EB927A} = {96CE5592-2405-47D5-A3FC-1CFE03B77E9D}
		{C2372E4E-D4E0-4129-BDA5-21426723382D} = {96CE5592-2405-47D5-A3FC-1CFE03B77E9D}
		{45E486EC-96FB-4B33-AC94-1B470B1ACBA5} = {96CE5592-2405-47D5-A3FC-1CFE03B77E9D}
		{9A575F9F-433E-4729-AF05-580C077FF1A0} = {7E87AB38-9B73-450E-A854-FA38B5EB927A}
		{E1974718-755A-4C4B-8C88-18783F76D382} = {7E87AB38-9B73-450E-A854-FA38B5EB927A}
		{4239506C-ACB4-4720-9C3A-2B8D7A521133} = {C2372E4E-D4E0-4129-BDA5-21426723382D}
		{625A2341-7B1F-4F0B-A063-F2090EC084B9} = {45E486EC-96FB-4B33-AC94-1B470B1ACBA5}
		{80D7CD4E-4A73-4D34-B4BF-02A5E41DFE5D} = {3C071ADC-9DF9-40AE-AF6B-1D44B1682301}
		{4A1FE070-FCB4-41CC-A2AF-C6C90B449E78} = {D89D2E95-A937-494E-A598-35AC96D92009}
	EndGlobalSection
	GlobalSection(ExtensibilityGlobals) = postSolution
		SolutionGuid = {E5FFC99B-1ABA-4818-8DD5-9EB84C3251C1}
	EndGlobalSection
EndGlobal
